
Microsoft Visual Studio Solution File, Format Version 12.00
# Visual Studio Version 17
VisualStudioVersion = 17.14.36518.9 d17.14
MinimumVisualStudioVersion = 10.0.40219.1
Project("{FAE04EC0-301F-11D3-BF4B-00C04F79EFBC}") = "MyFirstMVC", "MyFirstMVC\MyFirstMVC.csproj", "{AE348260-83A3-4971-9C43-2A2B19288DB1}"
EndProject
Global
	GlobalSection(SolutionConfigurationPlatforms) = preSolution
		Debug|Any CPU = Debug|Any CPU
		Release|Any CPU = Release|Any CPU
	EndGlobalSection
	GlobalSection(ProjectConfigurationPlatforms) = postSolution
		{AE348260-83A3-4971-9C43-2A2B19288DB1}.Debug|Any CPU.ActiveCfg = Debug|Any CPU
		{AE348260-83A3-4971-9C43-2A2B19288DB1}.Debug|Any CPU.Build.0 = Debug|Any CPU
		{AE348260-83A3-4971-9C43-2A2B19288DB1}.Release|Any CPU.ActiveCfg = Release|Any CPU
		{AE348260-83A3-4971-9C43-2A2B19288DB1}.Release|Any CPU.Build.0 = Release|Any CPU
	EndGlobalSection
	GlobalSection(SolutionProperties) = preSolution
		HideSolutionNode = FALSE
	EndGlobalSection
	GlobalSection(ExtensibilityGlobals) = postSolution
		SolutionGuid = {D14F0EA5-B485-485E-A587-0FA69057FC8E}
	EndGlobalSection
EndGlobal
